# Immutable lock contract for Stage 20 bootstrap.
SUPERVISOR_SECRETVAULT_REPO_URL=https://github.com/joustonhuang/supervisor-secretvault.git
SUPERVISOR_SECRETVAULT_PIN_TYPE=commit
SUPERVISOR_SECRETVAULT_PIN=6415c1ae2f1748fc4081544c3fb204b56edf7cd8
SUPERVISOR_SECRETVAULT_PIN_TREE_SHA256=26a49a4ff6001f4e968fab5689a462fa9d0b72dac54002f5cc3cea172bc0fac9
SUPERVISOR_SECRETVAULT_ARTIFACT_TREE_SHA256=26a49a4ff6001f4e968fab5689a462fa9d0b72dac54002f5cc3cea172bc0fac9