# Immutable lock contract for Stage 20 bootstrap.
SUPERVISOR_SECRETVAULT_REPO_URL=https://github.com/joustonhuang/supervisor-secretvault.git
SUPERVISOR_SECRETVAULT_PIN_TYPE=commit
SUPERVISOR_SECRETVAULT_PIN=a5c0e6ff483c1bb7b814adbc03e748ed07c9dd3a
SUPERVISOR_SECRETVAULT_PIN_TREE_SHA256=e6db07f733c1798053a4308226b0dcd022c58890479580d4822e51fbd5f4f90d
SUPERVISOR_SECRETVAULT_ARTIFACT_TREE_SHA256=e6db07f733c1798053a4308226b0dcd022c58890479580d4822e51fbd5f4f90d
