# Immutable lock contract for Stage 20 bootstrap.
SUPERVISOR_SECRETVAULT_REPO_URL=https://github.com/joustonhuang/supervisor-secretvault.git
SUPERVISOR_SECRETVAULT_PIN_TYPE=commit
SUPERVISOR_SECRETVAULT_PIN=6415c1ae2f1748fc4081544c3fb204b56edf7cd8
SUPERVISOR_SECRETVAULT_PIN_TREE_SHA256=42e0cd2faf446070f89098f5f5e5ee7187fc78b22e08356baa0a403e02136b58
SUPERVISOR_SECRETVAULT_ARTIFACT_TREE_SHA256=bbe4d2c4d8cbbccf0753af64c306e8f574c6649a3fb96d102d6a745ba9e96aa2